
Microsoft Visual Studio Solution File, Format Version 12.00
# Visual Studio Version 17
VisualStudioVersion = 17.6.33815.320
MinimumVisualStudioVersion = 10.0.40219.1
Project("{9A19103F-16F7-4668-BE54-9A1E7A4F7556}") = "WebApi", "src\WebApi.csproj", "{B678B231-563E-44F6-BE8A-40894E9CCABD}"
EndProject
Global
	GlobalSection(SolutionConfigurationPlatforms) = preSolution
		Debug|Any CPU = Debug|Any CPU
		Release|Any CPU = Release|Any CPU
	EndGlobalSection
	GlobalSection(ProjectConfigurationPlatforms) = postSolution
		{B678B231-563E-44F6-BE8A-40894E9CCABD}.Debug|Any CPU.ActiveCfg = Debug|Any CPU
		{B678B231-563E-44F6-BE8A-40894E9CCABD}.Debug|Any CPU.Build.0 = Debug|Any CPU
		{B678B231-563E-44F6-BE8A-40894E9CCABD}.Release|Any CPU.ActiveCfg = Release|Any CPU
		{B678B231-563E-44F6-BE8A-40894E9CCABD}.Release|Any CPU.Build.0 = Release|Any CPU
	EndGlobalSection
	GlobalSection(SolutionProperties) = preSolution
		HideSolutionNode = FALSE
	EndGlobalSection
	GlobalSection(ExtensibilityGlobals) = postSolution
		SolutionGuid = {B1ACED6D-C60C-4991-B615-38DCA270E48D}
	EndGlobalSection
EndGlobal
